
Microsoft Visual Studio Solution File, Format Version 12.00
# Visual Studio Version 16
VisualStudioVersion = 16.0.31402.337
MinimumVisualStudioVersion = 10.0.40219.1
Project("{FAE04EC0-301F-11D3-BF4B-00C04F79EFBC}") = "BlackJack", "BlackJack\BlackJack.csproj", "{78E83A7E-1B58-4741-B5FA-A4E066C552B3}"
EndProject
Global
	GlobalSection(SolutionConfigurationPlatforms) = preSolution
		Debug|Any CPU = Debug|Any CPU
		Release|Any CPU = Release|Any CPU
	EndGlobalSection
	GlobalSection(ProjectConfigurationPlatforms) = postSolution
		{78E83A7E-1B58-4741-B5FA-A4E066C552B3}.Debug|Any CPU.ActiveCfg = Debug|Any CPU
		{78E83A7E-1B58-4741-B5FA-A4E066C552B3}.Debug|Any CPU.Build.0 = Debug|Any CPU
		{78E83A7E-1B58-4741-B5FA-A4E066C552B3}.Release|Any CPU.ActiveCfg = Release|Any CPU
		{78E83A7E-1B58-4741-B5FA-A4E066C552B3}.Release|Any CPU.Build.0 = Release|Any CPU
	EndGlobalSection
	GlobalSection(SolutionProperties) = preSolution
		HideSolutionNode = FALSE
	EndGlobalSection
	GlobalSection(ExtensibilityGlobals) = postSolution
		SolutionGuid = {818F42E1-1534-4CC2-8D12-0E243A616E81}
	EndGlobalSection
EndGlobal
